
Microsoft Visual Studio Solution File, Format Version 12.00
# Visual Studio Version 17
VisualStudioVersion = 17.4.33205.214
MinimumVisualStudioVersion = 10.0.40219.1
Project("{9A19103F-16F7-4668-BE54-9A1E7A4F7556}") = "Clipboard", "Clipboard.csproj", "{9923ADEA-5F38-42E9-A0D6-4891DF14300F}"
EndProject
Global
	GlobalSection(SolutionConfigurationPlatforms) = preSolution
		Debug|Any CPU = Debug|Any CPU
		Release|Any CPU = Release|Any CPU
	EndGlobalSection
	GlobalSection(ProjectConfigurationPlatforms) = postSolution
		{9923ADEA-5F38-42E9-A0D6-4891DF14300F}.Debug|Any CPU.ActiveCfg = Debug|Any CPU
		{9923ADEA-5F38-42E9-A0D6-4891DF14300F}.Debug|Any CPU.Build.0 = Debug|Any CPU
		{9923ADEA-5F38-42E9-A0D6-4891DF14300F}.Release|Any CPU.ActiveCfg = Release|Any CPU
		{9923ADEA-5F38-42E9-A0D6-4891DF14300F}.Release|Any CPU.Build.0 = Release|Any CPU
	EndGlobalSection
	GlobalSection(SolutionProperties) = preSolution
		HideSolutionNode = FALSE
	EndGlobalSection
	GlobalSection(ExtensibilityGlobals) = postSolution
		SolutionGuid = {6FB5B3F0-C682-4B98-9079-93ACC087E748}
	EndGlobalSection
EndGlobal
